// !$*UTF8*$!
{
	archiveVersion = 1;
	classes = {
	};
	objectVersion = 56;
	objects = {

/* Begin PBXBuildFile section */
		F10F963B2C5B36F700009134 /* IMCResult.swift in Sources */ = {isa = PBXBuildFile; fileRef = F10F963A2C5B36F700009134 /* IMCResult.swift */; };
		F17EFC172C55CAE2009273F6 /* ButtonExample.swift in Sources */ = {isa = PBXBuildFile; fileRef = F17EFC162C55CAE2009273F6 /* ButtonExample.swift */; };
		F17EFC192C55D2C6009273F6 /* TextFillExample.swift in Sources */ = {isa = PBXBuildFile; fileRef = F17EFC182C55D2C6009273F6 /* TextFillExample.swift */; };
		F17EFC1B2C56205B009273F6 /* MenuView.swift in Sources */ = {isa = PBXBuildFile; fileRef = F17EFC1A2C56205B009273F6 /* MenuView.swift */; };
		F17EFC1E2C5623F4009273F6 /* IMCView.swift in Sources */ = {isa = PBXBuildFile; fileRef = F17EFC1D2C5623F4009273F6 /* IMCView.swift */; };
		F1C9A97E2C43BDF000B9FA22 /* aplicationIOSApp.swift in Sources */ = {isa = PBXBuildFile; fileRef = F1C9A97D2C43BDF000B9FA22 /* aplicationIOSApp.swift */; };
		F1C9A9802C43BDF000B9FA22 /* Exercise1.swift in Sources */ = {isa = PBXBuildFile; fileRef = F1C9A97F2C43BDF000B9FA22 /* Exercise1.swift */; };
		F1C9A9822C43BDF300B9FA22 /* Assets.xcassets in Resources */ = {isa = PBXBuildFile; fileRef = F1C9A9812C43BDF300B9FA22 /* Assets.xcassets */; };
		F1C9A9852C43BDF300B9FA22 /* Preview Assets.xcassets in Resources */ = {isa = PBXBuildFile; fileRef = F1C9A9842C43BDF300B9FA22 /* Preview Assets.xcassets */; };
		F1C9A98F2C43BDF300B9FA22 /* aplicationIOSTests.swift in Sources */ = {isa = PBXBuildFile; fileRef = F1C9A98E2C43BDF300B9FA22 /* aplicationIOSTests.swift */; };
		F1C9A9992C43BDF300B9FA22 /* aplicationIOSUITests.swift in Sources */ = {isa = PBXBuildFile; fileRef = F1C9A9982C43BDF300B9FA22 /* aplicationIOSUITests.swift */; };
		F1C9A99B2C43BDF300B9FA22 /* aplicationIOSUITestsLaunchTests.swift in Sources */ = {isa = PBXBuildFile; fileRef = F1C9A99A2C43BDF300B9FA22 /* aplicationIOSUITestsLaunchTests.swift */; };
		F1ECAF182C4E918F005C7A38 /* MainView.swift in Sources */ = {isa = PBXBuildFile; fileRef = F1ECAF172C4E918F005C7A38 /* MainView.swift */; };
		F1ECAF1B2C4E92A2005C7A38 /* TextExample.swift in Sources */ = {isa = PBXBuildFile; fileRef = F1ECAF1A2C4E92A2005C7A38 /* TextExample.swift */; };
		F1ECAF1D2C4E96A4005C7A38 /* ImageExample.swift in Sources */ = {isa = PBXBuildFile; fileRef = F1ECAF1C2C4E96A4005C7A38 /* ImageExample.swift */; };
		F1ECAF1F2C4E9DC5005C7A38 /* LabelExample.swift in Sources */ = {isa = PBXBuildFile; fileRef = F1ECAF1E2C4E9DC5005C7A38 /* LabelExample.swift */; };
/* End PBXBuildFile section */

/* Begin PBXContainerItemProxy section */
		F1C9A98B2C43BDF300B9FA22 /* PBXContainerItemProxy */ = {
			isa = PBXContainerItemProxy;
			containerPortal = F1C9A9722C43BDF000B9FA22 /* Project object */;
			proxyType = 1;
			remoteGlobalIDString = F1C9A9792C43BDF000B9FA22;
			remoteInfo = aplicationIOS;
		};
		F1C9A9952C43BDF300B9FA22 /* PBXContainerItemProxy */ = {
			isa = PBXContainerItemProxy;
			containerPortal = F1C9A9722C43BDF000B9FA22 /* Project object */;
			proxyType = 1;
			remoteGlobalIDString = F1C9A9792C43BDF000B9FA22;
			remoteInfo = aplicationIOS;
		};
/* End PBXContainerItemProxy section */

/* Begin PBXFileReference section */
		F10F963A2C5B36F700009134 /* IMCResult.swift */ = {isa = PBXFileReference; lastKnownFileType = sourcecode.swift; path = IMCResult.swift; sourceTree = "<group>"; };
		F17EFC162C55CAE2009273F6 /* ButtonExample.swift */ = {isa = PBXFileReference; lastKnownFileType = sourcecode.swift; path = ButtonExample.swift; sourceTree = "<group>"; };
		F17EFC182C55D2C6009273F6 /* TextFillExample.swift */ = {isa = PBXFileReference; lastKnownFileType = sourcecode.swift; path = TextFillExample.swift; sourceTree = "<group>"; };
		F17EFC1A2C56205B009273F6 /* MenuView.swift */ = {isa = PBXFileReference; lastKnownFileType = sourcecode.swift; path = MenuView.swift; sourceTree = "<group>"; };
		F17EFC1D2C5623F4009273F6 /* IMCView.swift */ = {isa = PBXFileReference; lastKnownFileType = sourcecode.swift; path = IMCView.swift; sourceTree = "<group>"; };
		F1C9A97A2C43BDF000B9FA22 /* aplicationIOS.app */ = {isa = PBXFileReference; explicitFileType = wrapper.application; includeInIndex = 0; path = aplicationIOS.app; sourceTree = BUILT_PRODUCTS_DIR; };
		F1C9A97D2C43BDF000B9FA22 /* aplicationIOSApp.swift */ = {isa = PBXFileReference; lastKnownFileType = sourcecode.swift; path = aplicationIOSApp.swift; sourceTree = "<group>"; };
		F1C9A97F2C43BDF000B9FA22 /* Exercise1.swift */ = {isa = PBXFileReference; lastKnownFileType = sourcecode.swift; path = Exercise1.swift; sourceTree = "<group>"; };
		F1C9A9812C43BDF300B9FA22 /* Assets.xcassets */ = {isa = PBXFileReference; lastKnownFileType = folder.assetcatalog; path = Assets.xcassets; sourceTree = "<group>"; };
		F1C9A9842C43BDF300B9FA22 /* Preview Assets.xcassets */ = {isa = PBXFileReference; lastKnownFileType = folder.assetcatalog; path = "Preview Assets.xcassets"; sourceTree = "<group>"; };
		F1C9A98A2C43BDF300B9FA22 /* aplicationIOSTests.xctest */ = {isa = PBXFileReference; explicitFileType = wrapper.cfbundle; includeInIndex = 0; path = aplicationIOSTests.xctest; sourceTree = BUILT_PRODUCTS_DIR; };
		F1C9A98E2C43BDF300B9FA22 /* aplicationIOSTests.swift */ = {isa = PBXFileReference; lastKnownFileType = sourcecode.swift; path = aplicationIOSTests.swift; sourceTree = "<group>"; };
		F1C9A9942C43BDF300B9FA22 /* aplicationIOSUITests.xctest */ = {isa = PBXFileReference; explicitFileType = wrapper.cfbundle; includeInIndex = 0; path = aplicationIOSUITests.xctest; sourceTree = BUILT_PRODUCTS_DIR; };
		F1C9A9982C43BDF300B9FA22 /* aplicationIOSUITests.swift */ = {isa = PBXFileReference; lastKnownFileType = sourcecode.swift; path = aplicationIOSUITests.swift; sourceTree = "<group>"; };
		F1C9A99A2C43BDF300B9FA22 /* aplicationIOSUITestsLaunchTests.swift */ = {isa = PBXFileReference; lastKnownFileType = sourcecode.swift; path = aplicationIOSUITestsLaunchTests.swift; sourceTree = "<group>"; };
		F1ECAF172C4E918F005C7A38 /* MainView.swift */ = {isa = PBXFileReference; lastKnownFileType = sourcecode.swift; path = MainView.swift; sourceTree = "<group>"; };
		F1ECAF1A2C4E92A2005C7A38 /* TextExample.swift */ = {isa = PBXFileReference; lastKnownFileType = sourcecode.swift; path = TextExample.swift; sourceTree = "<group>"; };
		F1ECAF1C2C4E96A4005C7A38 /* ImageExample.swift */ = {isa = PBXFileReference; lastKnownFileType = sourcecode.swift; path = ImageExample.swift; sourceTree = "<group>"; };
		F1ECAF1E2C4E9DC5005C7A38 /* LabelExample.swift */ = {isa = PBXFileReference; lastKnownFileType = sourcecode.swift; path = LabelExample.swift; sourceTree = "<group>"; };
/* End PBXFileReference section */

/* Begin PBXFrameworksBuildPhase section */
		F1C9A9772C43BDF000B9FA22 /* Frameworks */ = {
			isa = PBXFrameworksBuildPhase;
			buildActionMask = 2147483647;
			files = (
			);
			runOnlyForDeploymentPostprocessing = 0;
		};
		F1C9A9872C43BDF300B9FA22 /* Frameworks */ = {
			isa = PBXFrameworksBuildPhase;
			buildActionMask = 2147483647;
			files = (
			);
			runOnlyForDeploymentPostprocessing = 0;
		};
		F1C9A9912C43BDF300B9FA22 /* Frameworks */ = {
			isa = PBXFrameworksBuildPhase;
			buildActionMask = 2147483647;
			files = (
			);
			runOnlyForDeploymentPostprocessing = 0;
		};
/* End PBXFrameworksBuildPhase section */

/* Begin PBXGroup section */
		F17EFC1C2C5623DB009273F6 /* IMC */ = {
			isa = PBXGroup;
			children = (
				F17EFC1D2C5623F4009273F6 /* IMCView.swift */,
				F10F963A2C5B36F700009134 /* IMCResult.swift */,
			);
			path = IMC;
			sourceTree = "<group>";
		};
		F1C9A9712C43BDF000B9FA22 = {
			isa = PBXGroup;
			children = (
				F1C9A97C2C43BDF000B9FA22 /* aplicationIOS */,
				F1C9A98D2C43BDF300B9FA22 /* aplicationIOSTests */,
				F1C9A9972C43BDF300B9FA22 /* aplicationIOSUITests */,
				F1C9A97B2C43BDF000B9FA22 /* Products */,
			);
			sourceTree = "<group>";
		};
		F1C9A97B2C43BDF000B9FA22 /* Products */ = {
			isa = PBXGroup;
			children = (
				F1C9A97A2C43BDF000B9FA22 /* aplicationIOS.app */,
				F1C9A98A2C43BDF300B9FA22 /* aplicationIOSTests.xctest */,
				F1C9A9942C43BDF300B9FA22 /* aplicationIOSUITests.xctest */,
			);
			name = Products;
			sourceTree = "<group>";
		};
		F1C9A97C2C43BDF000B9FA22 /* aplicationIOS */ = {
			isa = PBXGroup;
			children = (
				F17EFC1C2C5623DB009273F6 /* IMC */,
				F1ECAF192C4E9220005C7A38 /* Components */,
				F1EF426A2C4CFB45002FCC06 /* Exercises */,
				F1C9A97D2C43BDF000B9FA22 /* aplicationIOSApp.swift */,
				F1ECAF172C4E918F005C7A38 /* MainView.swift */,
				F17EFC1A2C56205B009273F6 /* MenuView.swift */,
				F1C9A9812C43BDF300B9FA22 /* Assets.xcassets */,
				F1C9A9832C43BDF300B9FA22 /* Preview Content */,
			);
			path = aplicationIOS;
			sourceTree = "<group>";
		};
		F1C9A9832C43BDF300B9FA22 /* Preview Content */ = {
			isa = PBXGroup;
			children = (
				F1C9A9842C43BDF300B9FA22 /* Preview Assets.xcassets */,
			);
			path = "Preview Content";
			sourceTree = "<group>";
		};
		F1C9A98D2C43BDF300B9FA22 /* aplicationIOSTests */ = {
			isa = PBXGroup;
			children = (
				F1C9A98E2C43BDF300B9FA22 /* aplicationIOSTests.swift */,
			);
			path = aplicationIOSTests;
			sourceTree = "<group>";
		};
		F1C9A9972C43BDF300B9FA22 /* aplicationIOSUITests */ = {
			isa = PBXGroup;
			children = (
				F1C9A9982C43BDF300B9FA22 /* aplicationIOSUITests.swift */,
				F1C9A99A2C43BDF300B9FA22 /* aplicationIOSUITestsLaunchTests.swift */,
			);
			path = aplicationIOSUITests;
			sourceTree = "<group>";
		};
		F1ECAF192C4E9220005C7A38 /* Components */ = {
			isa = PBXGroup;
			children = (
				F1ECAF1A2C4E92A2005C7A38 /* TextExample.swift */,
				F1ECAF1C2C4E96A4005C7A38 /* ImageExample.swift */,
				F1ECAF1E2C4E9DC5005C7A38 /* LabelExample.swift */,
				F17EFC162C55CAE2009273F6 /* ButtonExample.swift */,
				F17EFC182C55D2C6009273F6 /* TextFillExample.swift */,
			);
			path = Components;
			sourceTree = "<group>";
		};
		F1EF426A2C4CFB45002FCC06 /* Exercises */ = {
			isa = PBXGroup;
			children = (
				F1C9A97F2C43BDF000B9FA22 /* Exercise1.swift */,
			);
			path = Exercises;
			sourceTree = "<group>";
		};
/* End PBXGroup section */

/* Begin PBXNativeTarget section */
		F1C9A9792C43BDF000B9FA22 /* aplicationIOS */ = {
			isa = PBXNativeTarget;
			buildConfigurationList = F1C9A99E2C43BDF300B9FA22 /* Build configuration list for PBXNativeTarget "aplicationIOS" */;
			buildPhases = (
				F1C9A9762C43BDF000B9FA22 /* Sources */,
				F1C9A9772C43BDF000B9FA22 /* Frameworks */,
				F1C9A9782C43BDF000B9FA22 /* Resources */,
			);
			buildRules = (
			);
			dependencies = (
			);
			name = aplicationIOS;
			productName = aplicationIOS;
			productReference = F1C9A97A2C43BDF000B9FA22 /* aplicationIOS.app */;
			productType = "com.apple.product-type.application";
		};
		F1C9A9892C43BDF300B9FA22 /* aplicationIOSTests */ = {
			isa = PBXNativeTarget;
			buildConfigurationList = F1C9A9A12C43BDF300B9FA22 /* Build configuration list for PBXNativeTarget "aplicationIOSTests" */;
			buildPhases = (
				F1C9A9862C43BDF300B9FA22 /* Sources */,
				F1C9A9872C43BDF300B9FA22 /* Frameworks */,
				F1C9A9882C43BDF300B9FA22 /* Resources */,
			);
			buildRules = (
			);
			dependencies = (
				F1C9A98C2C43BDF300B9FA22 /* PBXTargetDependency */,
			);
			name = aplicationIOSTests;
			productName = aplicationIOSTests;
			productReference = F1C9A98A2C43BDF300B9FA22 /* aplicationIOSTests.xctest */;
			productType = "com.apple.product-type.bundle.unit-test";
		};
		F1C9A9932C43BDF300B9FA22 /* aplicationIOSUITests */ = {
			isa = PBXNativeTarget;
			buildConfigurationList = F1C9A9A42C43BDF300B9FA22 /* Build configuration list for PBXNativeTarget "aplicationIOSUITests" */;
			buildPhases = (
				F1C9A9902C43BDF300B9FA22 /* Sources */,
				F1C9A9912C43BDF300B9FA22 /* Frameworks */,
				F1C9A9922C43BDF300B9FA22 /* Resources */,
			);
			buildRules = (
			);
			dependencies = (
				F1C9A9962C43BDF300B9FA22 /* PBXTargetDependency */,
			);
			name = aplicationIOSUITests;
			productName = aplicationIOSUITests;
			productReference = F1C9A9942C43BDF300B9FA22 /* aplicationIOSUITests.xctest */;
			productType = "com.apple.product-type.bundle.ui-testing";
		};
/* End PBXNativeTarget section */

/* Begin PBXProject section */
		F1C9A9722C43BDF000B9FA22 /* Project object */ = {
			isa = PBXProject;
			attributes = {
				BuildIndependentTargetsInParallel = 1;
				LastSwiftUpdateCheck = 1540;
				LastUpgradeCheck = 1540;
				TargetAttributes = {
					F1C9A9792C43BDF000B9FA22 = {
						CreatedOnToolsVersion = 15.4;
					};
					F1C9A9892C43BDF300B9FA22 = {
						CreatedOnToolsVersion = 15.4;
						TestTargetID = F1C9A9792C43BDF000B9FA22;
					};
					F1C9A9932C43BDF300B9FA22 = {
						CreatedOnToolsVersion = 15.4;
						TestTargetID = F1C9A9792C43BDF000B9FA22;
					};
				};
			};
			buildConfigurationList = F1C9A9752C43BDF000B9FA22 /* Build configuration list for PBXProject "aplicationIOS" */;
			compatibilityVersion = "Xcode 14.0";
			developmentRegion = en;
			hasScannedForEncodings = 0;
			knownRegions = (
				en,
				Base,
			);
			mainGroup = F1C9A9712C43BDF000B9FA22;
			productRefGroup = F1C9A97B2C43BDF000B9FA22 /* Products */;
			projectDirPath = "";
			projectRoot = "";
			targets = (
				F1C9A9792C43BDF000B9FA22 /* aplicationIOS */,
				F1C9A9892C43BDF300B9FA22 /* aplicationIOSTests */,
				F1C9A9932C43BDF300B9FA22 /* aplicationIOSUITests */,
			);
		};
/* End PBXProject section */

/* Begin PBXResourcesBuildPhase section */
		F1C9A9782C43BDF000B9FA22 /* Resources */ = {
			isa = PBXResourcesBuildPhase;
			buildActionMask = 2147483647;
			files = (
				F1C9A9852C43BDF300B9FA22 /* Preview Assets.xcassets in Resources */,
				F1C9A9822C43BDF300B9FA22 /* Assets.xcassets in Resources */,
			);
			runOnlyForDeploymentPostprocessing = 0;
		};
		F1C9A9882C43BDF300B9FA22 /* Resources */ = {
			isa = PBXResourcesBuildPhase;
			buildActionMask = 2147483647;
			files = (
			);
			runOnlyForDeploymentPostprocessing = 0;
		};
		F1C9A9922C43BDF300B9FA22 /* Resources */ = {
			isa = PBXResourcesBuildPhase;
			buildActionMask = 2147483647;
			files = (
			);
			runOnlyForDeploymentPostprocessing = 0;
		};
/* End PBXResourcesBuildPhase section */

/* Begin PBXSourcesBuildPhase section */
		F1C9A9762C43BDF000B9FA22 /* Sources */ = {
			isa = PBXSourcesBuildPhase;
			buildActionMask = 2147483647;
			files = (
				F17EFC192C55D2C6009273F6 /* TextFillExample.swift in Sources */,
				F1C9A9802C43BDF000B9FA22 /* Exercise1.swift in Sources */,
				F17EFC172C55CAE2009273F6 /* ButtonExample.swift in Sources */,
				F1ECAF1F2C4E9DC5005C7A38 /* LabelExample.swift in Sources */,
				F10F963B2C5B36F700009134 /* IMCResult.swift in Sources */,
				F17EFC1B2C56205B009273F6 /* MenuView.swift in Sources */,
				F1ECAF1B2C4E92A2005C7A38 /* TextExample.swift in Sources */,
				F1ECAF182C4E918F005C7A38 /* MainView.swift in Sources */,
				F1ECAF1D2C4E96A4005C7A38 /* ImageExample.swift in Sources */,
				F17EFC1E2C5623F4009273F6 /* IMCView.swift in Sources */,
				F1C9A97E2C43BDF000B9FA22 /* aplicationIOSApp.swift in Sources */,
			);
			runOnlyForDeploymentPostprocessing = 0;
		};
		F1C9A9862C43BDF300B9FA22 /* Sources */ = {
			isa = PBXSourcesBuildPhase;
			buildActionMask = 2147483647;
			files = (
				F1C9A98F2C43BDF300B9FA22 /* aplicationIOSTests.swift in Sources */,
			);
			runOnlyForDeploymentPostprocessing = 0;
		};
		F1C9A9902C43BDF300B9FA22 /* Sources */ = {
			isa = PBXSourcesBuildPhase;
			buildActionMask = 2147483647;
			files = (
				F1C9A99B2C43BDF300B9FA22 /* aplicationIOSUITestsLaunchTests.swift in Sources */,
				F1C9A9992C43BDF300B9FA22 /* aplicationIOSUITests.swift in Sources */,
			);
			runOnlyForDeploymentPostprocessing = 0;
		};
/* End PBXSourcesBuildPhase section */

/* Begin PBXTargetDependency section */
		F1C9A98C2C43BDF300B9FA22 /* PBXTargetDependency */ = {
			isa = PBXTargetDependency;
			target = F1C9A9792C43BDF000B9FA22 /* aplicationIOS */;
			targetProxy = F1C9A98B2C43BDF300B9FA22 /* PBXContainerItemProxy */;
		};
		F1C9A9962C43BDF300B9FA22 /* PBXTargetDependency */ = {
			isa = PBXTargetDependency;
			target = F1C9A9792C43BDF000B9FA22 /* aplicationIOS */;
			targetProxy = F1C9A9952C43BDF300B9FA22 /* PBXContainerItemProxy */;
		};
/* End PBXTargetDependency section */

/* Begin XCBuildConfiguration section */
		F1C9A99C2C43BDF300B9FA22 /* Debug */ = {
			isa = XCBuildConfiguration;
			buildSettings = {
				ALWAYS_SEARCH_USER_PATHS = NO;
				ASSETCATALOG_COMPILER_GENERATE_SWIFT_ASSET_SYMBOL_EXTENSIONS = YES;
				CLANG_ANALYZER_NONNULL = YES;
				CLANG_ANALYZER_NUMBER_OBJECT_CONVERSION = YES_AGGRESSIVE;
				CLANG_CXX_LANGUAGE_STANDARD = "gnu++20";
				CLANG_ENABLE_MODULES = YES;
				CLANG_ENABLE_OBJC_ARC = YES;
				CLANG_ENABLE_OBJC_WEAK = YES;
				CLANG_WARN_BLOCK_CAPTURE_AUTORELEASING = YES;
				CLANG_WARN_BOOL_CONVERSION = YES;
				CLANG_WARN_COMMA = YES;
				CLANG_WARN_CONSTANT_CONVERSION = YES;
				CLANG_WARN_DEPRECATED_OBJC_IMPLEMENTATIONS = YES;
				CLANG_WARN_DIRECT_OBJC_ISA_USAGE = YES_ERROR;
				CLANG_WARN_DOCUMENTATION_COMMENTS = YES;
				CLANG_WARN_EMPTY_BODY = YES;
				CLANG_WARN_ENUM_CONVERSION = YES;
				CLANG_WARN_INFINITE_RECURSION = YES;
				CLANG_WARN_INT_CONVERSION = YES;
				CLANG_WARN_NON_LITERAL_NULL_CONVERSION = YES;
				CLANG_WARN_OBJC_IMPLICIT_RETAIN_SELF = YES;
				CLANG_WARN_OBJC_LITERAL_CONVERSION = YES;
				CLANG_WARN_OBJC_ROOT_CLASS = YES_ERROR;
				CLANG_WARN_QUOTED_INCLUDE_IN_FRAMEWORK_HEADER = YES;
				CLANG_WARN_RANGE_LOOP_ANALYSIS = YES;
				CLANG_WARN_STRICT_PROTOTYPES = YES;
				CLANG_WARN_SUSPICIOUS_MOVE = YES;
				CLANG_WARN_UNGUARDED_AVAILABILITY = YES_AGGRESSIVE;
				CLANG_WARN_UNREACHABLE_CODE = YES;
				CLANG_WARN__DUPLICATE_METHOD_MATCH = YES;
				COPY_PHASE_STRIP = NO;
				DEBUG_INFORMATION_FORMAT = dwarf;
				ENABLE_STRICT_OBJC_MSGSEND = YES;
				ENABLE_TESTABILITY = YES;
				ENABLE_USER_SCRIPT_SANDBOXING = YES;
				GCC_C_LANGUAGE_STANDARD = gnu17;
				GCC_DYNAMIC_NO_PIC = NO;
				GCC_NO_COMMON_BLOCKS = YES;
				GCC_OPTIMIZATION_LEVEL = 0;
				GCC_PREPROCESSOR_DEFINITIONS = (
					"DEBUG=1",
					"$(inherited)",
				);
				GCC_WARN_64_TO_32_BIT_CONVERSION = YES;
				GCC_WARN_ABOUT_RETURN_TYPE = YES_ERROR;
				GCC_WARN_UNDECLARED_SELECTOR = YES;
				GCC_WARN_UNINITIALIZED_AUTOS = YES_AGGRESSIVE;
				GCC_WARN_UNUSED_FUNCTION = YES;
				GCC_WARN_UNUSED_VARIABLE = YES;
				IPHONEOS_DEPLOYMENT_TARGET = 17.5;
				LOCALIZATION_PREFERS_STRING_CATALOGS = YES;
				MTL_ENABLE_DEBUG_INFO = INCLUDE_SOURCE;
				MTL_FAST_MATH = YES;
				ONLY_ACTIVE_ARCH = YES;
				SDKROOT = iphoneos;
				SWIFT_ACTIVE_COMPILATION_CONDITIONS = "DEBUG $(inherited)";
				SWIFT_OPTIMIZATION_LEVEL = "-Onone";
			};
			name = Debug;
		};
		F1C9A99D2C43BDF300B9FA22 /* Release */ = {
			isa = XCBuildConfiguration;
			buildSettings = {
				ALWAYS_SEARCH_USER_PATHS = NO;
				ASSETCATALOG_COMPILER_GENERATE_SWIFT_ASSET_SYMBOL_EXTENSIONS = YES;
				CLANG_ANALYZER_NONNULL = YES;
				CLANG_ANALYZER_NUMBER_OBJECT_CONVERSION = YES_AGGRESSIVE;
				CLANG_CXX_LANGUAGE_STANDARD = "gnu++20";
				CLANG_ENABLE_MODULES = YES;
				CLANG_ENABLE_OBJC_ARC = YES;
				CLANG_ENABLE_OBJC_WEAK = YES;
				CLANG_WARN_BLOCK_CAPTURE_AUTORELEASING = YES;
				CLANG_WARN_BOOL_CONVERSION = YES;
				CLANG_WARN_COMMA = YES;
				CLANG_WARN_CONSTANT_CONVERSION = YES;
				CLANG_WARN_DEPRECATED_OBJC_IMPLEMENTATIONS = YES;
				CLANG_WARN_DIRECT_OBJC_ISA_USAGE = YES_ERROR;
				CLANG_WARN_DOCUMENTATION_COMMENTS = YES;
				CLANG_WARN_EMPTY_BODY = YES;
				CLANG_WARN_ENUM_CONVERSION = YES;
				CLANG_WARN_INFINITE_RECURSION = YES;
				CLANG_WARN_INT_CONVERSION = YES;
				CLANG_WARN_NON_LITERAL_NULL_CONVERSION = YES;
				CLANG_WARN_OBJC_IMPLICIT_RETAIN_SELF = YES;
				CLANG_WARN_OBJC_LITERAL_CONVERSION = YES;
				CLANG_WARN_OBJC_ROOT_CLASS = YES_ERROR;
				CLANG_WARN_QUOTED_INCLUDE_IN_FRAMEWORK_HEADER = YES;
				CLANG_WARN_RANGE_LOOP_ANALYSIS = YES;
				CLANG_WARN_STRICT_PROTOTYPES = YES;
				CLANG_WARN_SUSPICIOUS_MOVE = YES;
				CLANG_WARN_UNGUARDED_AVAILABILITY = YES_AGGRESSIVE;
				CLANG_WARN_UNREACHABLE_CODE = YES;
				CLANG_WARN__DUPLICATE_METHOD_MATCH = YES;
				COPY_PHASE_STRIP = NO;
				DEBUG_INFORMATION_FORMAT = "dwarf-with-dsym";
				ENABLE_NS_ASSERTIONS = NO;
				ENABLE_STRICT_OBJC_MSGSEND = YES;
				ENABLE_USER_SCRIPT_SANDBOXING = YES;
				GCC_C_LANGUAGE_STANDARD = gnu17;
				GCC_NO_COMMON_BLOCKS = YES;
				GCC_WARN_64_TO_32_BIT_CONVERSION = YES;
				GCC_WARN_ABOUT_RETURN_TYPE = YES_ERROR;
				GCC_WARN_UNDECLARED_SELECTOR = YES;
				GCC_WARN_UNINITIALIZED_AUTOS = YES_AGGRESSIVE;
				GCC_WARN_UNUSED_FUNCTION = YES;
				GCC_WARN_UNUSED_VARIABLE = YES;
				IPHONEOS_DEPLOYMENT_TARGET = 17.5;
				LOCALIZATION_PREFERS_STRING_CATALOGS = YES;
				MTL_ENABLE_DEBUG_INFO = NO;
				MTL_FAST_MATH = YES;
				SDKROOT = iphoneos;
				SWIFT_COMPILATION_MODE = wholemodule;
				VALIDATE_PRODUCT = YES;
			};
			name = Release;
		};
		F1C9A99F2C43BDF300B9FA22 /* Debug */ = {
			isa = XCBuildConfiguration;
			buildSettings = {
				ASSETCATALOG_COMPILER_APPICON_NAME = AppIcon;
				ASSETCATALOG_COMPILER_GLOBAL_ACCENT_COLOR_NAME = AccentColor;
				CODE_SIGN_STYLE = Automatic;
				CURRENT_PROJECT_VERSION = 1;
				DEVELOPMENT_ASSET_PATHS = "\"aplicationIOS/Preview Content\"";
				DEVELOPMENT_TEAM = J7DG5WKWMQ;
				ENABLE_PREVIEWS = YES;
				GENERATE_INFOPLIST_FILE = YES;
				INFOPLIST_KEY_UIApplicationSceneManifest_Generation = YES;
				INFOPLIST_KEY_UIApplicationSupportsIndirectInputEvents = YES;
				INFOPLIST_KEY_UILaunchScreen_Generation = YES;
				INFOPLIST_KEY_UISupportedInterfaceOrientations_iPad = "UIInterfaceOrientationPortrait UIInterfaceOrientationPortraitUpsideDown UIInterfaceOrientationLandscapeLeft UIInterfaceOrientationLandscapeRight";
				INFOPLIST_KEY_UISupportedInterfaceOrientations_iPhone = "UIInterfaceOrientationPortrait UIInterfaceOrientationLandscapeLeft UIInterfaceOrientationLandscapeRight";
				LD_RUNPATH_SEARCH_PATHS = (
					"$(inherited)",
					"@executable_path/Frameworks",
				);
				MARKETING_VERSION = 1.0;
				PRODUCT_BUNDLE_IDENTIFIER = Glen.aplicationIOS;
				PRODUCT_NAME = "$(TARGET_NAME)";
				SWIFT_EMIT_LOC_STRINGS = YES;
				SWIFT_VERSION = 5.0;
				TARGETED_DEVICE_FAMILY = "1,2";
			};
			name = Debug;
		};
		F1C9A9A02C43BDF300B9FA22 /* Release */ = {
			isa = XCBuildConfiguration;
			buildSettings = {
				ASSETCATALOG_COMPILER_APPICON_NAME = AppIcon;
				ASSETCATALOG_COMPILER_GLOBAL_ACCENT_COLOR_NAME = AccentColor;
				CODE_SIGN_STYLE = Automatic;
				CURRENT_PROJECT_VERSION = 1;
				DEVELOPMENT_ASSET_PATHS = "\"aplicationIOS/Preview Content\"";
				DEVELOPMENT_TEAM = J7DG5WKWMQ;
				ENABLE_PREVIEWS = YES;
				GENERATE_INFOPLIST_FILE = YES;
				INFOPLIST_KEY_UIApplicationSceneManifest_Generation = YES;
				INFOPLIST_KEY_UIApplicationSupportsIndirectInputEvents = YES;
				INFOPLIST_KEY_UILaunchScreen_Generation = YES;
				INFOPLIST_KEY_UISupportedInterfaceOrientations_iPad = "UIInterfaceOrientationPortrait UIInterfaceOrientationPortraitUpsideDown UIInterfaceOrientationLandscapeLeft UIInterfaceOrientationLandscapeRight";
				INFOPLIST_KEY_UISupportedInterfaceOrientations_iPhone = "UIInterfaceOrientationPortrait UIInterfaceOrientationLandscapeLeft UIInterfaceOrientationLandscapeRight";
				LD_RUNPATH_SEARCH_PATHS = (
					"$(inherited)",
					"@executable_path/Frameworks",
				);
				MARKETING_VERSION = 1.0;
				PRODUCT_BUNDLE_IDENTIFIER = Glen.aplicationIOS;
				PRODUCT_NAME = "$(TARGET_NAME)";
				SWIFT_EMIT_LOC_STRINGS = YES;
				SWIFT_VERSION = 5.0;
				TARGETED_DEVICE_FAMILY = "1,2";
			};
			name = Release;
		};
		F1C9A9A22C43BDF300B9FA22 /* Debug */ = {
			isa = XCBuildConfiguration;
			buildSettings = {
				ALWAYS_EMBED_SWIFT_STANDARD_LIBRARIES = YES;
				BUNDLE_LOADER = "$(TEST_HOST)";
				CODE_SIGN_STYLE = Automatic;
				CURRENT_PROJECT_VERSION = 1;
				DEVELOPMENT_TEAM = J7DG5WKWMQ;
				GENERATE_INFOPLIST_FILE = YES;
				IPHONEOS_DEPLOYMENT_TARGET = 17.5;
				MARKETING_VERSION = 1.0;
				PRODUCT_BUNDLE_IDENTIFIER = Glen.aplicationIOSTests;
				PRODUCT_NAME = "$(TARGET_NAME)";
				SWIFT_EMIT_LOC_STRINGS = NO;
				SWIFT_VERSION = 5.0;
				TARGETED_DEVICE_FAMILY = "1,2";
				TEST_HOST = "$(BUILT_PRODUCTS_DIR)/aplicationIOS.app/$(BUNDLE_EXECUTABLE_FOLDER_PATH)/aplicationIOS";
			};
			name = Debug;
		};
		F1C9A9A32C43BDF300B9FA22 /* Release */ = {
			isa = XCBuildConfiguration;
			buildSettings = {
				ALWAYS_EMBED_SWIFT_STANDARD_LIBRARIES = YES;
				BUNDLE_LOADER = "$(TEST_HOST)";
				CODE_SIGN_STYLE = Automatic;
				CURRENT_PROJECT_VERSION = 1;
				DEVELOPMENT_TEAM = J7DG5WKWMQ;
				GENERATE_INFOPLIST_FILE = YES;
				IPHONEOS_DEPLOYMENT_TARGET = 17.5;
				MARKETING_VERSION = 1.0;
				PRODUCT_BUNDLE_IDENTIFIER = Glen.aplicationIOSTests;
				PRODUCT_NAME = "$(TARGET_NAME)";
				SWIFT_EMIT_LOC_STRINGS = NO;
				SWIFT_VERSION = 5.0;
				TARGETED_DEVICE_FAMILY = "1,2";
				TEST_HOST = "$(BUILT_PRODUCTS_DIR)/aplicationIOS.app/$(BUNDLE_EXECUTABLE_FOLDER_PATH)/aplicationIOS";
			};
			name = Release;
		};
		F1C9A9A52C43BDF300B9FA22 /* Debug */ = {
			isa = XCBuildConfiguration;
			buildSettings = {
				ALWAYS_EMBED_SWIFT_STANDARD_LIBRARIES = YES;
				CODE_SIGN_STYLE = Automatic;
				CURRENT_PROJECT_VERSION = 1;
				DEVELOPMENT_TEAM = J7DG5WKWMQ;
				GENERATE_INFOPLIST_FILE = YES;
				MARKETING_VERSION = 1.0;
				PRODUCT_BUNDLE_IDENTIFIER = Glen.aplicationIOSUITests;
				PRODUCT_NAME = "$(TARGET_NAME)";
				SWIFT_EMIT_LOC_STRINGS = NO;
				SWIFT_VERSION = 5.0;
				TARGETED_DEVICE_FAMILY = "1,2";
				TEST_TARGET_NAME = aplicationIOS;
			};
			name = Debug;
		};
		F1C9A9A62C43BDF300B9FA22 /* Release */ = {
			isa = XCBuildConfiguration;
			buildSettings = {
				ALWAYS_EMBED_SWIFT_STANDARD_LIBRARIES = YES;
				CODE_SIGN_STYLE = Automatic;
				CURRENT_PROJECT_VERSION = 1;
				DEVELOPMENT_TEAM = J7DG5WKWMQ;
				GENERATE_INFOPLIST_FILE = YES;
				MARKETING_VERSION = 1.0;
				PRODUCT_BUNDLE_IDENTIFIER = Glen.aplicationIOSUITests;
				PRODUCT_NAME = "$(TARGET_NAME)";
				SWIFT_EMIT_LOC_STRINGS = NO;
				SWIFT_VERSION = 5.0;
				TARGETED_DEVICE_FAMILY = "1,2";
				TEST_TARGET_NAME = aplicationIOS;
			};
			name = Release;
		};
/* End XCBuildConfiguration section */

/* Begin XCConfigurationList section */
		F1C9A9752C43BDF000B9FA22 /* Build configuration list for PBXProject "aplicationIOS" */ = {
			isa = XCConfigurationList;
			buildConfigurations = (
				F1C9A99C2C43BDF300B9FA22 /* Debug */,
				F1C9A99D2C43BDF300B9FA22 /* Release */,
			);
			defaultConfigurationIsVisible = 0;
			defaultConfigurationName = Release;
		};
		F1C9A99E2C43BDF300B9FA22 /* Build configuration list for PBXNativeTarget "aplicationIOS" */ = {
			isa = XCConfigurationList;
			buildConfigurations = (
				F1C9A99F2C43BDF300B9FA22 /* Debug */,
				F1C9A9A02C43BDF300B9FA22 /* Release */,
			);
			defaultConfigurationIsVisible = 0;
			defaultConfigurationName = Release;
		};
		F1C9A9A12C43BDF300B9FA22 /* Build configuration list for PBXNativeTarget "aplicationIOSTests" */ = {
			isa = XCConfigurationList;
			buildConfigurations = (
				F1C9A9A22C43BDF300B9FA22 /* Debug */,
				F1C9A9A32C43BDF300B9FA22 /* Release */,
			);
			defaultConfigurationIsVisible = 0;
			defaultConfigurationName = Release;
		};
		F1C9A9A42C43BDF300B9FA22 /* Build configuration list for PBXNativeTarget "aplicationIOSUITests" */ = {
			isa = XCConfigurationList;
			buildConfigurations = (
				F1C9A9A52C43BDF300B9FA22 /* Debug */,
				F1C9A9A62C43BDF300B9FA22 /* Release */,
			);
			defaultConfigurationIsVisible = 0;
			defaultConfigurationName = Release;
		};
/* End XCConfigurationList section */
	};
	rootObject = F1C9A9722C43BDF000B9FA22 /* Project object */;
}
